
Microsoft Visual Studio Solution File, Format Version 12.00
# Visual Studio Version 17
VisualStudioVersion = 17.5.33530.505
MinimumVisualStudioVersion = 10.0.40219.1
Project("{FAE04EC0-301F-11D3-BF4B-00C04F79EFBC}") = "superCalculadora", "superCalculadora.csproj", "{052E9F28-057E-40B0-9FA0-3FCA13447E03}"
EndProject
Global
	GlobalSection(SolutionConfigurationPlatforms) = preSolution
		Debug|Any CPU = Debug|Any CPU
		Release|Any CPU = Release|Any CPU
	EndGlobalSection
	GlobalSection(ProjectConfigurationPlatforms) = postSolution
		{052E9F28-057E-40B0-9FA0-3FCA13447E03}.Debug|Any CPU.ActiveCfg = Debug|Any CPU
		{052E9F28-057E-40B0-9FA0-3FCA13447E03}.Debug|Any CPU.Build.0 = Debug|Any CPU
		{052E9F28-057E-40B0-9FA0-3FCA13447E03}.Release|Any CPU.ActiveCfg = Release|Any CPU
		{052E9F28-057E-40B0-9FA0-3FCA13447E03}.Release|Any CPU.Build.0 = Release|Any CPU
	EndGlobalSection
	GlobalSection(SolutionProperties) = preSolution
		HideSolutionNode = FALSE
	EndGlobalSection
	GlobalSection(ExtensibilityGlobals) = postSolution
		SolutionGuid = {D32B381F-5A9F-4D2E-944E-A2D2F18F9416}
	EndGlobalSection
EndGlobal
